
Microsoft Visual Studio Solution File, Format Version 12.00
# Visual Studio Version 17
VisualStudioVersion = 17.10.35027.167
MinimumVisualStudioVersion = 10.0.40219.1
Project("{FAE04EC0-301F-11D3-BF4B-00C04F79EFBC}") = "AuthenticationWithJwt", "AuthenticationWithJwt.csproj", "{948FB354-2D0B-40C7-BB94-526DB1D3C4AA}"
EndProject
Global
	GlobalSection(SolutionConfigurationPlatforms) = preSolution
		Debug|Any CPU = Debug|Any CPU
		Release|Any CPU = Release|Any CPU
	EndGlobalSection
	GlobalSection(ProjectConfigurationPlatforms) = postSolution
		{948FB354-2D0B-40C7-BB94-526DB1D3C4AA}.Debug|Any CPU.ActiveCfg = Debug|Any CPU
		{948FB354-2D0B-40C7-BB94-526DB1D3C4AA}.Debug|Any CPU.Build.0 = Debug|Any CPU
		{948FB354-2D0B-40C7-BB94-526DB1D3C4AA}.Release|Any CPU.ActiveCfg = Release|Any CPU
		{948FB354-2D0B-40C7-BB94-526DB1D3C4AA}.Release|Any CPU.Build.0 = Release|Any CPU
	EndGlobalSection
	GlobalSection(SolutionProperties) = preSolution
		HideSolutionNode = FALSE
	EndGlobalSection
	GlobalSection(ExtensibilityGlobals) = postSolution
		SolutionGuid = {158FDAC8-A119-45D7-ADF2-2A7EA4C0A533}
	EndGlobalSection
EndGlobal
